
Microsoft Visual Studio Solution File, Format Version 12.00
# Visual Studio Version 17
VisualStudioVersion = 17.6.33829.357
MinimumVisualStudioVersion = 10.0.40219.1
Project("{FAE04EC0-301F-11D3-BF4B-00C04F79EFBC}") = "XFrame.Aggregates.Commands", "XFrame.Aggregates.Commands\XFrame.Aggregates.Commands.csproj", "{4763F921-9256-4BDA-957F-C350854B18DB}"
EndProject
Global
	GlobalSection(SolutionConfigurationPlatforms) = preSolution
		Debug|Any CPU = Debug|Any CPU
		Release|Any CPU = Release|Any CPU
	EndGlobalSection
	GlobalSection(ProjectConfigurationPlatforms) = postSolution
		{4763F921-9256-4BDA-957F-C350854B18DB}.Debug|Any CPU.ActiveCfg = Debug|Any CPU
		{4763F921-9256-4BDA-957F-C350854B18DB}.Debug|Any CPU.Build.0 = Debug|Any CPU
		{4763F921-9256-4BDA-957F-C350854B18DB}.Release|Any CPU.ActiveCfg = Release|Any CPU
		{4763F921-9256-4BDA-957F-C350854B18DB}.Release|Any CPU.Build.0 = Release|Any CPU
	EndGlobalSection
	GlobalSection(SolutionProperties) = preSolution
		HideSolutionNode = FALSE
	EndGlobalSection
	GlobalSection(ExtensibilityGlobals) = postSolution
		SolutionGuid = {EA287FD8-9F54-49C9-81A9-D52DBB2E7803}
	EndGlobalSection
EndGlobal
